
Microsoft Visual Studio Solution File, Format Version 12.00
# Visual Studio Version 16
VisualStudioVersion = 16.0.30114.105
MinimumVisualStudioVersion = 10.0.40219.1
Project("{FAE04EC0-301F-11D3-BF4B-00C04F79EFBC}") = "DockerUI", "DockerUI\DockerUI.csproj", "{855495EF-5F8E-4E60-8E40-D8458499FCD7}"
EndProject
Global
	GlobalSection(SolutionConfigurationPlatforms) = preSolution
		Debug|Any CPU = Debug|Any CPU
		Release|Any CPU = Release|Any CPU
	EndGlobalSection
	GlobalSection(ProjectConfigurationPlatforms) = postSolution
		{855495EF-5F8E-4E60-8E40-D8458499FCD7}.Debug|Any CPU.ActiveCfg = Debug|Any CPU
		{855495EF-5F8E-4E60-8E40-D8458499FCD7}.Debug|Any CPU.Build.0 = Debug|Any CPU
		{855495EF-5F8E-4E60-8E40-D8458499FCD7}.Release|Any CPU.ActiveCfg = Release|Any CPU
		{855495EF-5F8E-4E60-8E40-D8458499FCD7}.Release|Any CPU.Build.0 = Release|Any CPU
	EndGlobalSection
	GlobalSection(SolutionProperties) = preSolution
		HideSolutionNode = FALSE
	EndGlobalSection
	GlobalSection(ExtensibilityGlobals) = postSolution
		SolutionGuid = {24A9BE23-AC74-4F43-A64D-676CF63ADAE2}
	EndGlobalSection
EndGlobal
